{
	"name": "simple-goose3-node",
	"version": "0.1.0",
	"lockfileVersion": 3,
	"requires": true,
	"packages": {
		"": {
			"name": "simple-goose3-node",
			"version": "0.1.0",
			"license": "MIT",
			"dependencies": {
				"@node-rs/jieba": "1.7.2",
				"@notevenaneko/whatlang-node": "1.0.1",
				"cheerio": "1.0.0-rc.12",
				"entities": "4.5.0",
				"html-to-text": "9.0.5"
			}
		},
		"node_modules/@node-rs/jieba": {
			"version": "1.7.2",
			"resolved": "https://registry.npmjs.org/@node-rs/jieba/-/jieba-1.7.2.tgz",
			"integrity": "sha512-zGto08NDU+KWm670qVHYGTb0YTEJ0A97dwH3WCnnhyRYMqTbOXKC6OwTc/cjzfSJP1UDBSar9Ug9BlmWmEThWg==",
			"engines": {
				"node": ">= 10"
			},
			"funding": {
				"type": "github",
				"url": "https://github.com/sponsors/Brooooooklyn"
			},
			"optionalDependencies": {
				"@node-rs/jieba-android-arm-eabi": "1.7.2",
				"@node-rs/jieba-android-arm64": "1.7.2",
				"@node-rs/jieba-darwin-arm64": "1.7.2",
				"@node-rs/jieba-darwin-x64": "1.7.2",
				"@node-rs/jieba-freebsd-x64": "1.7.2",
				"@node-rs/jieba-linux-arm-gnueabihf": "1.7.2",
				"@node-rs/jieba-linux-arm64-gnu": "1.7.2",
				"@node-rs/jieba-linux-arm64-musl": "1.7.2",
				"@node-rs/jieba-linux-x64-gnu": "1.7.2",
				"@node-rs/jieba-linux-x64-musl": "1.7.2",
				"@node-rs/jieba-win32-arm64-msvc": "1.7.2",
				"@node-rs/jieba-win32-ia32-msvc": "1.7.2",
				"@node-rs/jieba-win32-x64-msvc": "1.7.2"
			}
		},
		"node_modules/@node-rs/jieba-android-arm-eabi": {
			"version": "1.7.2",
			"resolved": "https://registry.npmjs.org/@node-rs/jieba-android-arm-eabi/-/jieba-android-arm-eabi-1.7.2.tgz",
			"integrity": "sha512-FyDHRNSRIHOQO7S6Q4RwuGffnnnuNwaXPH7K8WqSzifEY+zFIaSPcNqrZHrnqyeXc4JiYpBIHeP+0Mkf1kIGRA==",
			"cpu": [
				"arm"
			],
			"optional": true,
			"os": [
				"android"
			],
			"engines": {
				"node": ">= 10"
			}
		},
		"node_modules/@node-rs/jieba-android-arm64": {
			"version": "1.7.2",
			"resolved": "https://registry.npmjs.org/@node-rs/jieba-android-arm64/-/jieba-android-arm64-1.7.2.tgz",
			"integrity": "sha512-z0UEZCGrAX/IiarhuDMsEIDZBS77UZv4SQyL/J48yrsbWKbb2lJ1vCrYxXIWqwp6auXHEu4r1O/pMriDAcEnPg==",
			"cpu": [
				"arm64"
			],
			"optional": true,
			"os": [
				"android"
			],
			"engines": {
				"node": ">= 10"
			}
		},
		"node_modules/@node-rs/jieba-darwin-arm64": {
			"version": "1.7.2",
			"resolved": "https://registry.npmjs.org/@node-rs/jieba-darwin-arm64/-/jieba-darwin-arm64-1.7.2.tgz",
			"integrity": "sha512-M2cHIWRaaOmXGKy446SH2+Y2PzREaI2oYznPbg55wYEdioUp01YS/2WRG8CaoCKEj0aUocA7MFM2vVcoIAsbQw==",
			"cpu": [
				"arm64"
			],
			"optional": true,
			"os": [
				"darwin"
			],
			"engines": {
				"node": ">= 10"
			}
		},
		"node_modules/@node-rs/jieba-darwin-x64": {
			"version": "1.7.2",
			"resolved": "https://registry.npmjs.org/@node-rs/jieba-darwin-x64/-/jieba-darwin-x64-1.7.2.tgz",
			"integrity": "sha512-euDawBU2FxB0CGTR803BA6WABsiicIrqa61z2AFFDPkJCDrauEM0jbMg3GDKLAvbaLbZ1Etu3QNN5xyroqp4Qw==",
			"cpu": [
				"x64"
			],
			"optional": true,
			"os": [
				"darwin"
			],
			"engines": {
				"node": ">= 10"
			}
		},
		"node_modules/@node-rs/jieba-freebsd-x64": {
			"version": "1.7.2",
			"resolved": "https://registry.npmjs.org/@node-rs/jieba-freebsd-x64/-/jieba-freebsd-x64-1.7.2.tgz",
			"integrity": "sha512-vXCaYxPb90d/xTBVG+ZZXrFLXsO2719pZSyiZCL2tey+UY28U7MOoK6394Wwmf0FCB/eRTQMCKjVIUDi+IRMUg==",
			"cpu": [
				"x64"
			],
			"optional": true,
			"os": [
				"freebsd"
			],
			"engines": {
				"node": ">= 10"
			}
		},
		"node_modules/@node-rs/jieba-linux-arm-gnueabihf": {
			"version": "1.7.2",
			"resolved": "https://registry.npmjs.org/@node-rs/jieba-linux-arm-gnueabihf/-/jieba-linux-arm-gnueabihf-1.7.2.tgz",
			"integrity": "sha512-HTep79XlJYO3KRYZ2kJChG9HnYr1DKSQTB+HEYWKLK0ifphqybcxGNLAdH0S4dViG2ciD0+iN/refgtqZEidpw==",
			"cpu": [
				"arm"
			],
			"optional": true,
			"os": [
				"linux"
			],
			"engines": {
				"node": ">= 10"
			}
		},
		"node_modules/@node-rs/jieba-linux-arm64-gnu": {
			"version": "1.7.2",
			"resolved": "https://registry.npmjs.org/@node-rs/jieba-linux-arm64-gnu/-/jieba-linux-arm64-gnu-1.7.2.tgz",
			"integrity": "sha512-P8QJdQydOVewL1MIqYiRpI7LOfrRQag+p4/hwExe+YXH8C7DOrR8rWJD/7XNRTbpOimlHq1UN/e+ZzhxQF/cLw==",
			"cpu": [
				"arm64"
			],
			"optional": true,
			"os": [
				"linux"
			],
			"engines": {
				"node": ">= 10"
			}
		},
		"node_modules/@node-rs/jieba-linux-arm64-musl": {
			"version": "1.7.2",
			"resolved": "https://registry.npmjs.org/@node-rs/jieba-linux-arm64-musl/-/jieba-linux-arm64-musl-1.7.2.tgz",
			"integrity": "sha512-WjnN0hmDvTXb2h3hMW5VnUGkK1xaqhs+WHfMMilau55+YN+YOYALKZ0TeBY4BapClLuBx54wqwmBX+B4hAXunQ==",
			"cpu": [
				"arm64"
			],
			"optional": true,
			"os": [
				"linux"
			],
			"engines": {
				"node": ">= 10"
			}
		},
		"node_modules/@node-rs/jieba-linux-x64-gnu": {
			"version": "1.7.2",
			"resolved": "https://registry.npmjs.org/@node-rs/jieba-linux-x64-gnu/-/jieba-linux-x64-gnu-1.7.2.tgz",
			"integrity": "sha512-gBXds/DwNSA6lNUxJjL6WIaNT6pnlM5juUgV/krLLkBJ8vXpOrQ07p0rrK1tnigz9b20xhsHaFRSwED1Y8zeXw==",
			"cpu": [
				"x64"
			],
			"optional": true,
			"os": [
				"linux"
			],
			"engines": {
				"node": ">= 10"
			}
		},
		"node_modules/@node-rs/jieba-linux-x64-musl": {
			"version": "1.7.2",
			"resolved": "https://registry.npmjs.org/@node-rs/jieba-linux-x64-musl/-/jieba-linux-x64-musl-1.7.2.tgz",
			"integrity": "sha512-tNVD3SMuG5zAj7+bLS2Enio3zR7BPxi3PhQtpQ+Hv83jajIcN46QQ0EdoMFz/aB+hkQ9PlLAstu+VREFegs5EA==",
			"cpu": [
				"x64"
			],
			"optional": true,
			"os": [
				"linux"
			],
			"engines": {
				"node": ">= 10"
			}
		},
		"node_modules/@node-rs/jieba-win32-arm64-msvc": {
			"version": "1.7.2",
			"resolved": "https://registry.npmjs.org/@node-rs/jieba-win32-arm64-msvc/-/jieba-win32-arm64-msvc-1.7.2.tgz",
			"integrity": "sha512-/e1iQ0Dh02lGPNCYTU/H3cfIsWydaGRzZ3TDj6GfWrxkWqXORL98x/VJ/C/uKLpc7GSLLd9ygyZG7SOAfKe2tA==",
			"cpu": [
				"arm64"
			],
			"optional": true,
			"os": [
				"win32"
			],
			"engines": {
				"node": ">= 10"
			}
		},
		"node_modules/@node-rs/jieba-win32-ia32-msvc": {
			"version": "1.7.2",
			"resolved": "https://registry.npmjs.org/@node-rs/jieba-win32-ia32-msvc/-/jieba-win32-ia32-msvc-1.7.2.tgz",
			"integrity": "sha512-cYjA6YUiOwtuEzWErvwMMt/RETNWQDLcmAaiHA8ohsa6c0eB0kRJlQCc683tlaczZxqroY/7C9mxgJNGvoGRbw==",
			"cpu": [
				"ia32"
			],
			"optional": true,
			"os": [
				"win32"
			],
			"engines": {
				"node": ">= 10"
			}
		},
		"node_modules/@node-rs/jieba-win32-x64-msvc": {
			"version": "1.7.2",
			"resolved": "https://registry.npmjs.org/@node-rs/jieba-win32-x64-msvc/-/jieba-win32-x64-msvc-1.7.2.tgz",
			"integrity": "sha512-2M+Um3woFF17sa8VBYQQ6E5PNMe9Kf9fdzmeDh/GzuNHXlxW4LyK9VTV8zchIv/bDNAR5Z85kfW4wASULUxvFQ==",
			"cpu": [
				"x64"
			],
			"optional": true,
			"os": [
				"win32"
			],
			"engines": {
				"node": ">= 10"
			}
		},
		"node_modules/@notevenaneko/whatlang-node": {
			"version": "1.0.1",
			"resolved": "https://registry.npmjs.org/@notevenaneko/whatlang-node/-/whatlang-node-1.0.1.tgz",
			"integrity": "sha512-Wp0c3XPUCfb3BAvEgHMpaxK+djHUP1xBm5bPjX0TwiL4UItUw1TIjWPLHNsSrPaXA6iTgd9YDtDC5y4+Ul2TtA==",
			"engines": {
				"node": ">= 10"
			},
			"optionalDependencies": {
				"@notevenaneko/whatlang-node-android-arm-eabi": "1.0.1",
				"@notevenaneko/whatlang-node-android-arm64": "1.0.1",
				"@notevenaneko/whatlang-node-darwin-arm64": "1.0.1",
				"@notevenaneko/whatlang-node-darwin-x64": "1.0.1",
				"@notevenaneko/whatlang-node-freebsd-x64": "1.0.1",
				"@notevenaneko/whatlang-node-linux-arm-gnueabihf": "1.0.1",
				"@notevenaneko/whatlang-node-linux-arm64-gnu": "1.0.1",
				"@notevenaneko/whatlang-node-linux-arm64-musl": "1.0.1",
				"@notevenaneko/whatlang-node-linux-x64-gnu": "1.0.1",
				"@notevenaneko/whatlang-node-linux-x64-musl": "1.0.1",
				"@notevenaneko/whatlang-node-win32-arm64-msvc": "1.0.1",
				"@notevenaneko/whatlang-node-win32-ia32-msvc": "1.0.1",
				"@notevenaneko/whatlang-node-win32-x64-msvc": "1.0.1"
			}
		},
		"node_modules/@notevenaneko/whatlang-node-android-arm-eabi": {
			"version": "1.0.1",
			"resolved": "https://registry.npmjs.org/@notevenaneko/whatlang-node-android-arm-eabi/-/whatlang-node-android-arm-eabi-1.0.1.tgz",
			"integrity": "sha512-aNMZtytQPLCtw58MBkRcaEkqxPwMrqj/2xIb5YkBZqeV55ihb5SzswbPF7XJ7v0gzxhLsKAGkF4vxUvWVKhUqg==",
			"cpu": [
				"arm"
			],
			"optional": true,
			"os": [
				"android"
			],
			"engines": {
				"node": ">= 10"
			}
		},
		"node_modules/@notevenaneko/whatlang-node-android-arm64": {
			"version": "1.0.1",
			"resolved": "https://registry.npmjs.org/@notevenaneko/whatlang-node-android-arm64/-/whatlang-node-android-arm64-1.0.1.tgz",
			"integrity": "sha512-lQVblOPFoj7YXCjSqiJVhQpsuJrtxCotaRppDvRS8PGcXeTOhE34XXX9l4WuJni6H19KQ6o3obrOyI+K4eK2fQ==",
			"cpu": [
				"arm64"
			],
			"optional": true,
			"os": [
				"android"
			],
			"engines": {
				"node": ">= 10"
			}
		},
		"node_modules/@notevenaneko/whatlang-node-darwin-arm64": {
			"version": "1.0.1",
			"resolved": "https://registry.npmjs.org/@notevenaneko/whatlang-node-darwin-arm64/-/whatlang-node-darwin-arm64-1.0.1.tgz",
			"integrity": "sha512-gwZYzqj2cgRwjsoZDT7d5757+haYXZ/S35+MNvGQsIaj26u1JAWAAD/OHaDKNrgFTPywFucPkWIBqtPo0OsXKg==",
			"cpu": [
				"arm64"
			],
			"optional": true,
			"os": [
				"darwin"
			],
			"engines": {
				"node": ">= 10"
			}
		},
		"node_modules/@notevenaneko/whatlang-node-darwin-x64": {
			"version": "1.0.1",
			"resolved": "https://registry.npmjs.org/@notevenaneko/whatlang-node-darwin-x64/-/whatlang-node-darwin-x64-1.0.1.tgz",
			"integrity": "sha512-sYk6+Ejbv0gSoSbe6fOQLMEtURSs6VjC+tXK7gFiRPWjm32XvM7d/LDMs/mFvvQMGwSeREyXAG21UFCWaSAy6w==",
			"cpu": [
				"x64"
			],
			"optional": true,
			"os": [
				"darwin"
			],
			"engines": {
				"node": ">= 10"
			}
		},
		"node_modules/@notevenaneko/whatlang-node-freebsd-x64": {
			"version": "1.0.1",
			"resolved": "https://registry.npmjs.org/@notevenaneko/whatlang-node-freebsd-x64/-/whatlang-node-freebsd-x64-1.0.1.tgz",
			"integrity": "sha512-HtFfCo551NWnssavYs3JT5gDvvpLdRZs6P4mMT8Nv63jOG4lFkwcxRFeVE3IP2PCIOa7QMxYd6+TxDVK6LHO8A==",
			"cpu": [
				"x64"
			],
			"optional": true,
			"os": [
				"freebsd"
			],
			"engines": {
				"node": ">= 10"
			}
		},
		"node_modules/@notevenaneko/whatlang-node-linux-arm-gnueabihf": {
			"version": "1.0.1",
			"resolved": "https://registry.npmjs.org/@notevenaneko/whatlang-node-linux-arm-gnueabihf/-/whatlang-node-linux-arm-gnueabihf-1.0.1.tgz",
			"integrity": "sha512-n2+tOzTZDtwduiHaDQx5yMFm/20KUuUoI3YNyz2NQNMXUbBi3y0Yj0CGBMiNmYb5fP4O0vbUn3a1ifn5zCQYHQ==",
			"cpu": [
				"arm"
			],
			"optional": true,
			"os": [
				"linux"
			],
			"engines": {
				"node": ">= 10"
			}
		},
		"node_modules/@notevenaneko/whatlang-node-linux-arm64-gnu": {
			"version": "1.0.1",
			"resolved": "https://registry.npmjs.org/@notevenaneko/whatlang-node-linux-arm64-gnu/-/whatlang-node-linux-arm64-gnu-1.0.1.tgz",
			"integrity": "sha512-CljL0zFsLskSwJHdTacJ1RUdRVBhVL1Wqt6WQhehSm+pKG4OPZEXuIJMRmIHxrs1RRVU2Gf8m9ZG0GIgnHVcpg==",
			"cpu": [
				"arm64"
			],
			"optional": true,
			"os": [
				"linux"
			],
			"engines": {
				"node": ">= 10"
			}
		},
		"node_modules/@notevenaneko/whatlang-node-linux-arm64-musl": {
			"version": "1.0.1",
			"resolved": "https://registry.npmjs.org/@notevenaneko/whatlang-node-linux-arm64-musl/-/whatlang-node-linux-arm64-musl-1.0.1.tgz",
			"integrity": "sha512-L9myToXVC3wNYuAkCuRHnodCbpy+e3WZxev/8XN4zmFl2dAXvN8cyh2Eupo11nxV5Rn8uYaRvISQReBnXRZOZg==",
			"cpu": [
				"arm64"
			],
			"optional": true,
			"os": [
				"linux"
			],
			"engines": {
				"node": ">= 10"
			}
		},
		"node_modules/@notevenaneko/whatlang-node-linux-x64-gnu": {
			"version": "1.0.1",
			"resolved": "https://registry.npmjs.org/@notevenaneko/whatlang-node-linux-x64-gnu/-/whatlang-node-linux-x64-gnu-1.0.1.tgz",
			"integrity": "sha512-EWinQp2S4reLZ9RynSaI1pVNn5l78ooUsG61G28puNBrUBQzUjtuTKAoSokyDqO7i4hSU4lsQC3TWkWAfcPEFQ==",
			"cpu": [
				"x64"
			],
			"optional": true,
			"os": [
				"linux"
			],
			"engines": {
				"node": ">= 10"
			}
		},
		"node_modules/@notevenaneko/whatlang-node-linux-x64-musl": {
			"version": "1.0.1",
			"resolved": "https://registry.npmjs.org/@notevenaneko/whatlang-node-linux-x64-musl/-/whatlang-node-linux-x64-musl-1.0.1.tgz",
			"integrity": "sha512-u4SVDMxoNYeZUWuq6hdDwDvXpWlYbBbaBam4+zsne/CCRwMwZVVzJY8CVz0B2M48Cng0BpmJl5sy3sOUy1ysZg==",
			"cpu": [
				"x64"
			],
			"optional": true,
			"os": [
				"linux"
			],
			"engines": {
				"node": ">= 10"
			}
		},
		"node_modules/@notevenaneko/whatlang-node-win32-arm64-msvc": {
			"version": "1.0.1",
			"resolved": "https://registry.npmjs.org/@notevenaneko/whatlang-node-win32-arm64-msvc/-/whatlang-node-win32-arm64-msvc-1.0.1.tgz",
			"integrity": "sha512-GIBb28OcY4nqvMEbz85WYgM4Gp1QWSYQcP4rcK8J28ZR3Wc+wpGCk4RqPUYBANtrZgInpDcuZHEl3P99OVY6tg==",
			"cpu": [
				"arm64"
			],
			"optional": true,
			"os": [
				"win32"
			],
			"engines": {
				"node": ">= 10"
			}
		},
		"node_modules/@notevenaneko/whatlang-node-win32-ia32-msvc": {
			"version": "1.0.1",
			"resolved": "https://registry.npmjs.org/@notevenaneko/whatlang-node-win32-ia32-msvc/-/whatlang-node-win32-ia32-msvc-1.0.1.tgz",
			"integrity": "sha512-h6knopsO66tBlmhni6O76TRuxZWQ4IPOdTkgr9ZiyWFEFRdzW+qB0II3+T4SAXO8ODGuQdAgkIDV6rWapz2Yxw==",
			"cpu": [
				"ia32"
			],
			"optional": true,
			"os": [
				"win32"
			],
			"engines": {
				"node": ">= 10"
			}
		},
		"node_modules/@notevenaneko/whatlang-node-win32-x64-msvc": {
			"version": "1.0.1",
			"resolved": "https://registry.npmjs.org/@notevenaneko/whatlang-node-win32-x64-msvc/-/whatlang-node-win32-x64-msvc-1.0.1.tgz",
			"integrity": "sha512-0bDYPiM9VnPrKRNwdUOFDxYRIgi88xEd8JhgtktDMrnNSGpGuK61oh33RMeOL2DRFlCw/OqfmL150GtPiup0PQ==",
			"cpu": [
				"x64"
			],
			"optional": true,
			"os": [
				"win32"
			],
			"engines": {
				"node": ">= 10"
			}
		},
		"node_modules/@selderee/plugin-htmlparser2": {
			"version": "0.11.0",
			"resolved": "https://registry.npmjs.org/@selderee/plugin-htmlparser2/-/plugin-htmlparser2-0.11.0.tgz",
			"integrity": "sha512-P33hHGdldxGabLFjPPpaTxVolMrzrcegejx+0GxjrIb9Zv48D8yAIA/QTDR2dFl7Uz7urX8aX6+5bCZslr+gWQ==",
			"dependencies": {
				"domhandler": "^5.0.3",
				"selderee": "^0.11.0"
			},
			"funding": {
				"url": "https://ko-fi.com/killymxi"
			}
		},
		"node_modules/boolbase": {
			"version": "1.0.0",
			"resolved": "https://registry.npmjs.org/boolbase/-/boolbase-1.0.0.tgz",
			"integrity": "sha512-JZOSA7Mo9sNGB8+UjSgzdLtokWAky1zbztM3WRLCbZ70/3cTANmQmOdR7y2g+J0e2WXywy1yS468tY+IruqEww=="
		},
		"node_modules/cheerio": {
			"version": "1.0.0-rc.12",
			"resolved": "https://registry.npmjs.org/cheerio/-/cheerio-1.0.0-rc.12.tgz",
			"integrity": "sha512-VqR8m68vM46BNnuZ5NtnGBKIE/DfN0cRIzg9n40EIq9NOv90ayxLBXA8fXC5gquFRGJSTRqBq25Jt2ECLR431Q==",
			"dependencies": {
				"cheerio-select": "^2.1.0",
				"dom-serializer": "^2.0.0",
				"domhandler": "^5.0.3",
				"domutils": "^3.0.1",
				"htmlparser2": "^8.0.1",
				"parse5": "^7.0.0",
				"parse5-htmlparser2-tree-adapter": "^7.0.0"
			},
			"engines": {
				"node": ">= 6"
			},
			"funding": {
				"url": "https://github.com/cheeriojs/cheerio?sponsor=1"
			}
		},
		"node_modules/cheerio-select": {
			"version": "2.1.0",
			"resolved": "https://registry.npmjs.org/cheerio-select/-/cheerio-select-2.1.0.tgz",
			"integrity": "sha512-9v9kG0LvzrlcungtnJtpGNxY+fzECQKhK4EGJX2vByejiMX84MFNQw4UxPJl3bFbTMw+Dfs37XaIkCwTZfLh4g==",
			"dependencies": {
				"boolbase": "^1.0.0",
				"css-select": "^5.1.0",
				"css-what": "^6.1.0",
				"domelementtype": "^2.3.0",
				"domhandler": "^5.0.3",
				"domutils": "^3.0.1"
			},
			"funding": {
				"url": "https://github.com/sponsors/fb55"
			}
		},
		"node_modules/css-select": {
			"version": "5.1.0",
			"resolved": "https://registry.npmjs.org/css-select/-/css-select-5.1.0.tgz",
			"integrity": "sha512-nwoRF1rvRRnnCqqY7updORDsuqKzqYJ28+oSMaJMMgOauh3fvwHqMS7EZpIPqK8GL+g9mKxF1vP/ZjSeNjEVHg==",
			"dependencies": {
				"boolbase": "^1.0.0",
				"css-what": "^6.1.0",
				"domhandler": "^5.0.2",
				"domutils": "^3.0.1",
				"nth-check": "^2.0.1"
			},
			"funding": {
				"url": "https://github.com/sponsors/fb55"
			}
		},
		"node_modules/css-what": {
			"version": "6.1.0",
			"resolved": "https://registry.npmjs.org/css-what/-/css-what-6.1.0.tgz",
			"integrity": "sha512-HTUrgRJ7r4dsZKU6GjmpfRK1O76h97Z8MfS1G0FozR+oF2kG6Vfe8JE6zwrkbxigziPHinCJ+gCPjA9EaBDtRw==",
			"engines": {
				"node": ">= 6"
			},
			"funding": {
				"url": "https://github.com/sponsors/fb55"
			}
		},
		"node_modules/deepmerge": {
			"version": "4.3.1",
			"resolved": "https://registry.npmjs.org/deepmerge/-/deepmerge-4.3.1.tgz",
			"integrity": "sha512-3sUqbMEc77XqpdNO7FRyRog+eW3ph+GYCbj+rK+uYyRMuwsVy0rMiVtPn+QJlKFvWP/1PYpapqYn0Me2knFn+A==",
			"engines": {
				"node": ">=0.10.0"
			}
		},
		"node_modules/dom-serializer": {
			"version": "2.0.0",
			"resolved": "https://registry.npmjs.org/dom-serializer/-/dom-serializer-2.0.0.tgz",
			"integrity": "sha512-wIkAryiqt/nV5EQKqQpo3SToSOV9J0DnbJqwK7Wv/Trc92zIAYZ4FlMu+JPFW1DfGFt81ZTCGgDEabffXeLyJg==",
			"dependencies": {
				"domelementtype": "^2.3.0",
				"domhandler": "^5.0.2",
				"entities": "^4.2.0"
			},
			"funding": {
				"url": "https://github.com/cheeriojs/dom-serializer?sponsor=1"
			}
		},
		"node_modules/domelementtype": {
			"version": "2.3.0",
			"resolved": "https://registry.npmjs.org/domelementtype/-/domelementtype-2.3.0.tgz",
			"integrity": "sha512-OLETBj6w0OsagBwdXnPdN0cnMfF9opN69co+7ZrbfPGrdpPVNBUj02spi6B1N7wChLQiPn4CSH/zJvXw56gmHw==",
			"funding": [
				{
					"type": "github",
					"url": "https://github.com/sponsors/fb55"
				}
			]
		},
		"node_modules/domhandler": {
			"version": "5.0.3",
			"resolved": "https://registry.npmjs.org/domhandler/-/domhandler-5.0.3.tgz",
			"integrity": "sha512-cgwlv/1iFQiFnU96XXgROh8xTeetsnJiDsTc7TYCLFd9+/WNkIqPTxiM/8pSd8VIrhXGTf1Ny1q1hquVqDJB5w==",
			"dependencies": {
				"domelementtype": "^2.3.0"
			},
			"engines": {
				"node": ">= 4"
			},
			"funding": {
				"url": "https://github.com/fb55/domhandler?sponsor=1"
			}
		},
		"node_modules/domutils": {
			"version": "3.1.0",
			"resolved": "https://registry.npmjs.org/domutils/-/domutils-3.1.0.tgz",
			"integrity": "sha512-H78uMmQtI2AhgDJjWeQmHwJJ2bLPD3GMmO7Zja/ZZh84wkm+4ut+IUnUdRa8uCGX88DiVx1j6FRe1XfxEgjEZA==",
			"dependencies": {
				"dom-serializer": "^2.0.0",
				"domelementtype": "^2.3.0",
				"domhandler": "^5.0.3"
			},
			"funding": {
				"url": "https://github.com/fb55/domutils?sponsor=1"
			}
		},
		"node_modules/entities": {
			"version": "4.5.0",
			"resolved": "https://registry.npmjs.org/entities/-/entities-4.5.0.tgz",
			"integrity": "sha512-V0hjH4dGPh9Ao5p0MoRY6BVqtwCjhz6vI5LT8AJ55H+4g9/4vbHx1I54fS0XuclLhDHArPQCiMjDxjaL8fPxhw==",
			"engines": {
				"node": ">=0.12"
			},
			"funding": {
				"url": "https://github.com/fb55/entities?sponsor=1"
			}
		},
		"node_modules/html-to-text": {
			"version": "9.0.5",
			"resolved": "https://registry.npmjs.org/html-to-text/-/html-to-text-9.0.5.tgz",
			"integrity": "sha512-qY60FjREgVZL03vJU6IfMV4GDjGBIoOyvuFdpBDIX9yTlDw0TjxVBQp+P8NvpdIXNJvfWBTNul7fsAQJq2FNpg==",
			"dependencies": {
				"@selderee/plugin-htmlparser2": "^0.11.0",
				"deepmerge": "^4.3.1",
				"dom-serializer": "^2.0.0",
				"htmlparser2": "^8.0.2",
				"selderee": "^0.11.0"
			},
			"engines": {
				"node": ">=14"
			}
		},
		"node_modules/htmlparser2": {
			"version": "8.0.2",
			"resolved": "https://registry.npmjs.org/htmlparser2/-/htmlparser2-8.0.2.tgz",
			"integrity": "sha512-GYdjWKDkbRLkZ5geuHs5NY1puJ+PXwP7+fHPRz06Eirsb9ugf6d8kkXav6ADhcODhFFPMIXyxkxSuMf3D6NCFA==",
			"funding": [
				"https://github.com/fb55/htmlparser2?sponsor=1",
				{
					"type": "github",
					"url": "https://github.com/sponsors/fb55"
				}
			],
			"dependencies": {
				"domelementtype": "^2.3.0",
				"domhandler": "^5.0.3",
				"domutils": "^3.0.1",
				"entities": "^4.4.0"
			}
		},
		"node_modules/leac": {
			"version": "0.6.0",
			"resolved": "https://registry.npmjs.org/leac/-/leac-0.6.0.tgz",
			"integrity": "sha512-y+SqErxb8h7nE/fiEX07jsbuhrpO9lL8eca7/Y1nuWV2moNlXhyd59iDGcRf6moVyDMbmTNzL40SUyrFU/yDpg==",
			"funding": {
				"url": "https://ko-fi.com/killymxi"
			}
		},
		"node_modules/nth-check": {
			"version": "2.1.1",
			"resolved": "https://registry.npmjs.org/nth-check/-/nth-check-2.1.1.tgz",
			"integrity": "sha512-lqjrjmaOoAnWfMmBPL+XNnynZh2+swxiX3WUE0s4yEHI6m+AwrK2UZOimIRl3X/4QctVqS8AiZjFqyOGrMXb/w==",
			"dependencies": {
				"boolbase": "^1.0.0"
			},
			"funding": {
				"url": "https://github.com/fb55/nth-check?sponsor=1"
			}
		},
		"node_modules/parse5": {
			"version": "7.1.2",
			"resolved": "https://registry.npmjs.org/parse5/-/parse5-7.1.2.tgz",
			"integrity": "sha512-Czj1WaSVpaoj0wbhMzLmWD69anp2WH7FXMB9n1Sy8/ZFF9jolSQVMu1Ij5WIyGmcBmhk7EOndpO4mIpihVqAXw==",
			"dependencies": {
				"entities": "^4.4.0"
			},
			"funding": {
				"url": "https://github.com/inikulin/parse5?sponsor=1"
			}
		},
		"node_modules/parse5-htmlparser2-tree-adapter": {
			"version": "7.0.0",
			"resolved": "https://registry.npmjs.org/parse5-htmlparser2-tree-adapter/-/parse5-htmlparser2-tree-adapter-7.0.0.tgz",
			"integrity": "sha512-B77tOZrqqfUfnVcOrUvfdLbz4pu4RopLD/4vmu3HUPswwTA8OH0EMW9BlWR2B0RCoiZRAHEUu7IxeP1Pd1UU+g==",
			"dependencies": {
				"domhandler": "^5.0.2",
				"parse5": "^7.0.0"
			},
			"funding": {
				"url": "https://github.com/inikulin/parse5?sponsor=1"
			}
		},
		"node_modules/parseley": {
			"version": "0.12.1",
			"resolved": "https://registry.npmjs.org/parseley/-/parseley-0.12.1.tgz",
			"integrity": "sha512-e6qHKe3a9HWr0oMRVDTRhKce+bRO8VGQR3NyVwcjwrbhMmFCX9KszEV35+rn4AdilFAq9VPxP/Fe1wC9Qjd2lw==",
			"dependencies": {
				"leac": "^0.6.0",
				"peberminta": "^0.9.0"
			},
			"funding": {
				"url": "https://ko-fi.com/killymxi"
			}
		},
		"node_modules/peberminta": {
			"version": "0.9.0",
			"resolved": "https://registry.npmjs.org/peberminta/-/peberminta-0.9.0.tgz",
			"integrity": "sha512-XIxfHpEuSJbITd1H3EeQwpcZbTLHc+VVr8ANI9t5sit565tsI4/xK3KWTUFE2e6QiangUkh3B0jihzmGnNrRsQ==",
			"funding": {
				"url": "https://ko-fi.com/killymxi"
			}
		},
		"node_modules/selderee": {
			"version": "0.11.0",
			"resolved": "https://registry.npmjs.org/selderee/-/selderee-0.11.0.tgz",
			"integrity": "sha512-5TF+l7p4+OsnP8BCCvSyZiSPc4x4//p5uPwK8TCnVPJYRmU2aYKMpOXvw8zM5a5JvuuCGN1jmsMwuU2W02ukfA==",
			"dependencies": {
				"parseley": "^0.12.0"
			},
			"funding": {
				"url": "https://ko-fi.com/killymxi"
			}
		}
	}
}
